
Microsoft Visual Studio Solution File, Format Version 12.00
# Visual Studio 15
VisualStudioVersion = 15.0.28307.2092
MinimumVisualStudioVersion = 10.0.40219.1
Project("{FAE04EC0-301F-11D3-BF4B-00C04F79EFBC}") = "Lab2_CSDL", "Lab2_CSDL\Lab2_CSDL.csproj", "{9ED2E7A8-95E9-4265-84BB-018437FD6FE1}"
EndProject
Global
	GlobalSection(SolutionConfigurationPlatforms) = preSolution
		Debug|Any CPU = Debug|Any CPU
		Release|Any CPU = Release|Any CPU
	EndGlobalSection
	GlobalSection(ProjectConfigurationPlatforms) = postSolution
		{9ED2E7A8-95E9-4265-84BB-018437FD6FE1}.Debug|Any CPU.ActiveCfg = Debug|Any CPU
		{9ED2E7A8-95E9-4265-84BB-018437FD6FE1}.Debug|Any CPU.Build.0 = Debug|Any CPU
		{9ED2E7A8-95E9-4265-84BB-018437FD6FE1}.Release|Any CPU.ActiveCfg = Release|Any CPU
		{9ED2E7A8-95E9-4265-84BB-018437FD6FE1}.Release|Any CPU.Build.0 = Release|Any CPU
	EndGlobalSection
	GlobalSection(SolutionProperties) = preSolution
		HideSolutionNode = FALSE
	EndGlobalSection
	GlobalSection(ExtensibilityGlobals) = postSolution
		SolutionGuid = {AAA8B114-A624-42A0-8614-52B457B4C6D3}
	EndGlobalSection
EndGlobal
