
Microsoft Visual Studio Solution File, Format Version 12.00
# Visual Studio 15
VisualStudioVersion = 15.0.28307.2092
MinimumVisualStudioVersion = 10.0.40219.1
Project("{FAE04EC0-301F-11D3-BF4B-00C04F79EFBC}") = "Review3", "Review3\Review3.csproj", "{362E3B0C-48F1-46B2-A7F4-954A4FD18BBB}"
EndProject
Global
	GlobalSection(SolutionConfigurationPlatforms) = preSolution
		Debug|Any CPU = Debug|Any CPU
		Release|Any CPU = Release|Any CPU
	EndGlobalSection
	GlobalSection(ProjectConfigurationPlatforms) = postSolution
		{362E3B0C-48F1-46B2-A7F4-954A4FD18BBB}.Debug|Any CPU.ActiveCfg = Debug|Any CPU
		{362E3B0C-48F1-46B2-A7F4-954A4FD18BBB}.Debug|Any CPU.Build.0 = Debug|Any CPU
		{362E3B0C-48F1-46B2-A7F4-954A4FD18BBB}.Release|Any CPU.ActiveCfg = Release|Any CPU
		{362E3B0C-48F1-46B2-A7F4-954A4FD18BBB}.Release|Any CPU.Build.0 = Release|Any CPU
	EndGlobalSection
	GlobalSection(SolutionProperties) = preSolution
		HideSolutionNode = FALSE
	EndGlobalSection
	GlobalSection(ExtensibilityGlobals) = postSolution
		SolutionGuid = {63A70D68-7A40-4F85-A128-5BC31D89FBE2}
	EndGlobalSection
EndGlobal
