
Microsoft Visual Studio Solution File, Format Version 12.00
# Visual Studio 15
VisualStudioVersion = 15.0.28307.2092
MinimumVisualStudioVersion = 10.0.40219.1
Project("{FAE04EC0-301F-11D3-BF4B-00C04F79EFBC}") = "CSDL_Sach", "CSDL_Sach\CSDL_Sach.csproj", "{0F2B9B86-6B61-4127-B1DB-5632CD92F5CB}"
EndProject
Global
	GlobalSection(SolutionConfigurationPlatforms) = preSolution
		Debug|Any CPU = Debug|Any CPU
		Release|Any CPU = Release|Any CPU
	EndGlobalSection
	GlobalSection(ProjectConfigurationPlatforms) = postSolution
		{0F2B9B86-6B61-4127-B1DB-5632CD92F5CB}.Debug|Any CPU.ActiveCfg = Debug|Any CPU
		{0F2B9B86-6B61-4127-B1DB-5632CD92F5CB}.Debug|Any CPU.Build.0 = Debug|Any CPU
		{0F2B9B86-6B61-4127-B1DB-5632CD92F5CB}.Release|Any CPU.ActiveCfg = Release|Any CPU
		{0F2B9B86-6B61-4127-B1DB-5632CD92F5CB}.Release|Any CPU.Build.0 = Release|Any CPU
	EndGlobalSection
	GlobalSection(SolutionProperties) = preSolution
		HideSolutionNode = FALSE
	EndGlobalSection
	GlobalSection(ExtensibilityGlobals) = postSolution
		SolutionGuid = {FD1E7F20-FA3A-4146-9977-5663BB2D9C40}
	EndGlobalSection
EndGlobal
