
Microsoft Visual Studio Solution File, Format Version 12.00
# Visual Studio 15
VisualStudioVersion = 15.0.28307.2092
MinimumVisualStudioVersion = 10.0.40219.1
Project("{FAE04EC0-301F-11D3-BF4B-00C04F79EFBC}") = "QLSACH_LAN_2", "QLSACH_LAN_2\QLSACH_LAN_2.csproj", "{2958CF81-CD24-4095-98DF-1687D549B8EB}"
EndProject
Global
	GlobalSection(SolutionConfigurationPlatforms) = preSolution
		Debug|Any CPU = Debug|Any CPU
		Release|Any CPU = Release|Any CPU
	EndGlobalSection
	GlobalSection(ProjectConfigurationPlatforms) = postSolution
		{2958CF81-CD24-4095-98DF-1687D549B8EB}.Debug|Any CPU.ActiveCfg = Debug|Any CPU
		{2958CF81-CD24-4095-98DF-1687D549B8EB}.Debug|Any CPU.Build.0 = Debug|Any CPU
		{2958CF81-CD24-4095-98DF-1687D549B8EB}.Release|Any CPU.ActiveCfg = Release|Any CPU
		{2958CF81-CD24-4095-98DF-1687D549B8EB}.Release|Any CPU.Build.0 = Release|Any CPU
	EndGlobalSection
	GlobalSection(SolutionProperties) = preSolution
		HideSolutionNode = FALSE
	EndGlobalSection
	GlobalSection(ExtensibilityGlobals) = postSolution
		SolutionGuid = {CC3F9308-9DE5-44B1-AEF4-54E1F18EAEC3}
	EndGlobalSection
EndGlobal
